
Microsoft Visual Studio Solution File, Format Version 12.00
# Visual Studio Version 16
VisualStudioVersion = 16.0.29609.76
MinimumVisualStudioVersion = 10.0.40219.1
Project("{FAE04EC0-301F-11D3-BF4B-00C04F79EFBC}") = "OtoparkOtomasyon", "OtoparOtomasyon\OtoparkOtomasyon.csproj", "{4BB33FEB-9937-45C1-95DD-2235F4CD9B6C}"
EndProject
Global
	GlobalSection(SolutionConfigurationPlatforms) = preSolution
		Debug|Any CPU = Debug|Any CPU
		Release|Any CPU = Release|Any CPU
	EndGlobalSection
	GlobalSection(ProjectConfigurationPlatforms) = postSolution
		{4BB33FEB-9937-45C1-95DD-2235F4CD9B6C}.Debug|Any CPU.ActiveCfg = Debug|Any CPU
		{4BB33FEB-9937-45C1-95DD-2235F4CD9B6C}.Debug|Any CPU.Build.0 = Debug|Any CPU
		{4BB33FEB-9937-45C1-95DD-2235F4CD9B6C}.Release|Any CPU.ActiveCfg = Release|Any CPU
		{4BB33FEB-9937-45C1-95DD-2235F4CD9B6C}.Release|Any CPU.Build.0 = Release|Any CPU
	EndGlobalSection
	GlobalSection(SolutionProperties) = preSolution
		HideSolutionNode = FALSE
	EndGlobalSection
	GlobalSection(ExtensibilityGlobals) = postSolution
		SolutionGuid = {B516D6B2-4E10-423F-A5D3-FB2AA47B5804}
	EndGlobalSection
EndGlobal
